
Microsoft Visual Studio Solution File, Format Version 12.00
# Visual Studio Version 17
VisualStudioVersion = 17.6.33815.320
MinimumVisualStudioVersion = 10.0.40219.1
Project("{9A19103F-16F7-4668-BE54-9A1E7A4F7556}") = "FoodShop.Core", "FoodShop.Core\FoodShop.Core.csproj", "{9496F289-CA11-4382-9CDD-5E14EFFD4554}"
EndProject
Project("{9A19103F-16F7-4668-BE54-9A1E7A4F7556}") = "FoodShop.Infrastructure", "FoodShop.Infrastructure\FoodShop.Infrastructure.csproj", "{10D701A8-53AB-4BA1-B0CF-E21E43ADC5F3}"
EndProject
Project("{9A19103F-16F7-4668-BE54-9A1E7A4F7556}") = "FoodShop.TestDbUpdater", "FoodShop.TestDbUpdater\FoodShop.TestDbUpdater.csproj", "{51466D67-4352-4EC4-A258-2E9FB1EA5A72}"
EndProject
Project("{E53339B2-1760-4266-BCC7-CA923CBCF16C}") = "docker-compose", "docker-compose.dcproj", "{671F55D4-EA75-4DEE-A406-04A9959497BE}"
EndProject
Project("{9A19103F-16F7-4668-BE54-9A1E7A4F7556}") = "FoodShop.Api.Catalog", "FoodShop.Api.Catalog\FoodShop.Api.Catalog.csproj", "{25253506-7F12-491E-AA34-7A36739B3BFD}"
EndProject
Project("{2150E333-8FDC-42A3-9474-1A3956D46DE8}") = "Solution Items", "Solution Items", "{6EC74503-F7F6-4C9E-957E-08CA90F2BC70}"
	ProjectSection(SolutionItems) = preProject
		sqlserver-fulltext.Dockerfile = sqlserver-fulltext.Dockerfile
		ngrok.bat = ngrok.bat
	EndProjectSection
EndProject
Project("{9A19103F-16F7-4668-BE54-9A1E7A4F7556}") = "FoodShop.Api.Auth", "FoodShop.Api.Auth\FoodShop.Api.Auth.csproj", "{7E77F860-80EF-4115-97E2-2F7ED3CB2526}"
EndProject
Project("{9A19103F-16F7-4668-BE54-9A1E7A4F7556}") = "FoodShop.Api.CustomerProfile", "FoodShop.Api.CustomerProfile\FoodShop.Api.CustomerProfile.csproj", "{1250FEE5-B7DE-4A3A-A30F-1E702BBF812E}"
EndProject
Project("{9A19103F-16F7-4668-BE54-9A1E7A4F7556}") = "FoodShop.Api.Basket", "FoodShop.Api.Basket\FoodShop.Api.Basket.csproj", "{EED8B341-01DB-407F-B51F-38FB62C3FE68}"
EndProject
Project("{9A19103F-16F7-4668-BE54-9A1E7A4F7556}") = "FoodShop.Api.Order", "FoodShop.Api.Order\FoodShop.Api.Order.csproj", "{B27F6ADD-0A5D-40DF-87AF-7F56C945749D}"
EndProject
Project("{9A19103F-16F7-4668-BE54-9A1E7A4F7556}") = "FoodShop.BuildingBlocks.Configuration.Security", "FoodShop.BuildingBlocks.Configuration.Security\FoodShop.BuildingBlocks.Configuration.Security.csproj", "{13B9A7FC-8DBF-4319-977F-72EFE6C7A92E}"
EndProject
Global
	GlobalSection(SolutionConfigurationPlatforms) = preSolution
		Debug|Any CPU = Debug|Any CPU
		Release|Any CPU = Release|Any CPU
	EndGlobalSection
	GlobalSection(ProjectConfigurationPlatforms) = postSolution
		{9496F289-CA11-4382-9CDD-5E14EFFD4554}.Debug|Any CPU.ActiveCfg = Debug|Any CPU
		{9496F289-CA11-4382-9CDD-5E14EFFD4554}.Debug|Any CPU.Build.0 = Debug|Any CPU
		{9496F289-CA11-4382-9CDD-5E14EFFD4554}.Release|Any CPU.ActiveCfg = Release|Any CPU
		{9496F289-CA11-4382-9CDD-5E14EFFD4554}.Release|Any CPU.Build.0 = Release|Any CPU
		{10D701A8-53AB-4BA1-B0CF-E21E43ADC5F3}.Debug|Any CPU.ActiveCfg = Debug|Any CPU
		{10D701A8-53AB-4BA1-B0CF-E21E43ADC5F3}.Debug|Any CPU.Build.0 = Debug|Any CPU
		{10D701A8-53AB-4BA1-B0CF-E21E43ADC5F3}.Release|Any CPU.ActiveCfg = Release|Any CPU
		{10D701A8-53AB-4BA1-B0CF-E21E43ADC5F3}.Release|Any CPU.Build.0 = Release|Any CPU
		{51466D67-4352-4EC4-A258-2E9FB1EA5A72}.Debug|Any CPU.ActiveCfg = Debug|Any CPU
		{51466D67-4352-4EC4-A258-2E9FB1EA5A72}.Debug|Any CPU.Build.0 = Debug|Any CPU
		{51466D67-4352-4EC4-A258-2E9FB1EA5A72}.Release|Any CPU.ActiveCfg = Release|Any CPU
		{51466D67-4352-4EC4-A258-2E9FB1EA5A72}.Release|Any CPU.Build.0 = Release|Any CPU
		{671F55D4-EA75-4DEE-A406-04A9959497BE}.Debug|Any CPU.ActiveCfg = Debug|Any CPU
		{671F55D4-EA75-4DEE-A406-04A9959497BE}.Debug|Any CPU.Build.0 = Debug|Any CPU
		{671F55D4-EA75-4DEE-A406-04A9959497BE}.Release|Any CPU.ActiveCfg = Release|Any CPU
		{671F55D4-EA75-4DEE-A406-04A9959497BE}.Release|Any CPU.Build.0 = Release|Any CPU
		{25253506-7F12-491E-AA34-7A36739B3BFD}.Debug|Any CPU.ActiveCfg = Debug|Any CPU
		{25253506-7F12-491E-AA34-7A36739B3BFD}.Debug|Any CPU.Build.0 = Debug|Any CPU
		{25253506-7F12-491E-AA34-7A36739B3BFD}.Release|Any CPU.ActiveCfg = Release|Any CPU
		{25253506-7F12-491E-AA34-7A36739B3BFD}.Release|Any CPU.Build.0 = Release|Any CPU
		{7E77F860-80EF-4115-97E2-2F7ED3CB2526}.Debug|Any CPU.ActiveCfg = Debug|Any CPU
		{7E77F860-80EF-4115-97E2-2F7ED3CB2526}.Debug|Any CPU.Build.0 = Debug|Any CPU
		{7E77F860-80EF-4115-97E2-2F7ED3CB2526}.Release|Any CPU.ActiveCfg = Release|Any CPU
		{7E77F860-80EF-4115-97E2-2F7ED3CB2526}.Release|Any CPU.Build.0 = Release|Any CPU
		{1250FEE5-B7DE-4A3A-A30F-1E702BBF812E}.Debug|Any CPU.ActiveCfg = Debug|Any CPU
		{1250FEE5-B7DE-4A3A-A30F-1E702BBF812E}.Debug|Any CPU.Build.0 = Debug|Any CPU
		{1250FEE5-B7DE-4A3A-A30F-1E702BBF812E}.Release|Any CPU.ActiveCfg = Release|Any CPU
		{1250FEE5-B7DE-4A3A-A30F-1E702BBF812E}.Release|Any CPU.Build.0 = Release|Any CPU
		{EED8B341-01DB-407F-B51F-38FB62C3FE68}.Debug|Any CPU.ActiveCfg = Debug|Any CPU
		{EED8B341-01DB-407F-B51F-38FB62C3FE68}.Debug|Any CPU.Build.0 = Debug|Any CPU
		{EED8B341-01DB-407F-B51F-38FB62C3FE68}.Release|Any CPU.ActiveCfg = Release|Any CPU
		{EED8B341-01DB-407F-B51F-38FB62C3FE68}.Release|Any CPU.Build.0 = Release|Any CPU
		{B27F6ADD-0A5D-40DF-87AF-7F56C945749D}.Debug|Any CPU.ActiveCfg = Debug|Any CPU
		{B27F6ADD-0A5D-40DF-87AF-7F56C945749D}.Debug|Any CPU.Build.0 = Debug|Any CPU
		{B27F6ADD-0A5D-40DF-87AF-7F56C945749D}.Release|Any CPU.ActiveCfg = Release|Any CPU
		{B27F6ADD-0A5D-40DF-87AF-7F56C945749D}.Release|Any CPU.Build.0 = Release|Any CPU
		{13B9A7FC-8DBF-4319-977F-72EFE6C7A92E}.Debug|Any CPU.ActiveCfg = Debug|Any CPU
		{13B9A7FC-8DBF-4319-977F-72EFE6C7A92E}.Debug|Any CPU.Build.0 = Debug|Any CPU
		{13B9A7FC-8DBF-4319-977F-72EFE6C7A92E}.Release|Any CPU.ActiveCfg = Release|Any CPU
		{13B9A7FC-8DBF-4319-977F-72EFE6C7A92E}.Release|Any CPU.Build.0 = Release|Any CPU
	EndGlobalSection
	GlobalSection(SolutionProperties) = preSolution
		HideSolutionNode = FALSE
	EndGlobalSection
	GlobalSection(ExtensibilityGlobals) = postSolution
		SolutionGuid = {84D82C2B-3D97-4323-B0D3-A14E75EAE9C5}
	EndGlobalSection
EndGlobal
